// !$*UTF8*$!
{
	archiveVersion = 1;
	classes = {
	};
	objectVersion = 56;
	objects = {

/* Begin PBXBuildFile section */
		ABF6B0D52CD32B730002AE09 /* BuyFreshGroceriesApp.swift in Sources */ = {isa = PBXBuildFile; fileRef = ABF6B0D42CD32B730002AE09 /* BuyFreshGroceriesApp.swift */; };
		ABF6B0D72CD32B730002AE09 /* ContentView.swift in Sources */ = {isa = PBXBuildFile; fileRef = ABF6B0D62CD32B730002AE09 /* ContentView.swift */; };
		ABF6B0D92CD32B750002AE09 /* Assets.xcassets in Resources */ = {isa = PBXBuildFile; fileRef = ABF6B0D82CD32B750002AE09 /* Assets.xcassets */; };
		ABF6B0DC2CD32B750002AE09 /* Preview Assets.xcassets in Resources */ = {isa = PBXBuildFile; fileRef = ABF6B0DB2CD32B750002AE09 /* Preview Assets.xcassets */; };
		ABF6B0E62CD32B760002AE09 /* BuyFreshGroceriesTests.swift in Sources */ = {isa = PBXBuildFile; fileRef = ABF6B0E52CD32B760002AE09 /* BuyFreshGroceriesTests.swift */; };
		ABF6B0F02CD32B760002AE09 /* BuyFreshGroceriesUITests.swift in Sources */ = {isa = PBXBuildFile; fileRef = ABF6B0EF2CD32B760002AE09 /* BuyFreshGroceriesUITests.swift */; };
		ABF6B0F22CD32B760002AE09 /* BuyFreshGroceriesUITestsLaunchTests.swift in Sources */ = {isa = PBXBuildFile; fileRef = ABF6B0F12CD32B760002AE09 /* BuyFreshGroceriesUITestsLaunchTests.swift */; };
		ABF6B1002CD32C140002AE09 /* ShopItem.swift in Sources */ = {isa = PBXBuildFile; fileRef = ABF6B0FF2CD32C140002AE09 /* ShopItem.swift */; };
		ABF6B1022CD32E4F0002AE09 /* CartView.swift in Sources */ = {isa = PBXBuildFile; fileRef = ABF6B1012CD32E4F0002AE09 /* CartView.swift */; };
/* End PBXBuildFile section */

/* Begin PBXContainerItemProxy section */
		ABF6B0E22CD32B760002AE09 /* PBXContainerItemProxy */ = {
			isa = PBXContainerItemProxy;
			containerPortal = ABF6B0C92CD32B730002AE09 /* Project object */;
			proxyType = 1;
			remoteGlobalIDString = ABF6B0D02CD32B730002AE09;
			remoteInfo = BuyFreshGroceries;
		};
		ABF6B0EC2CD32B760002AE09 /* PBXContainerItemProxy */ = {
			isa = PBXContainerItemProxy;
			containerPortal = ABF6B0C92CD32B730002AE09 /* Project object */;
			proxyType = 1;
			remoteGlobalIDString = ABF6B0D02CD32B730002AE09;
			remoteInfo = BuyFreshGroceries;
		};
/* End PBXContainerItemProxy section */

/* Begin PBXFileReference section */
		ABF6B0D12CD32B730002AE09 /* BuyFreshGroceries.app */ = {isa = PBXFileReference; explicitFileType = wrapper.application; includeInIndex = 0; path = BuyFreshGroceries.app; sourceTree = BUILT_PRODUCTS_DIR; };
		ABF6B0D42CD32B730002AE09 /* BuyFreshGroceriesApp.swift */ = {isa = PBXFileReference; lastKnownFileType = sourcecode.swift; path = BuyFreshGroceriesApp.swift; sourceTree = "<group>"; };
		ABF6B0D62CD32B730002AE09 /* ContentView.swift */ = {isa = PBXFileReference; lastKnownFileType = sourcecode.swift; path = ContentView.swift; sourceTree = "<group>"; };
		ABF6B0D82CD32B750002AE09 /* Assets.xcassets */ = {isa = PBXFileReference; lastKnownFileType = folder.assetcatalog; path = Assets.xcassets; sourceTree = "<group>"; };
		ABF6B0DB2CD32B750002AE09 /* Preview Assets.xcassets */ = {isa = PBXFileReference; lastKnownFileType = folder.assetcatalog; path = "Preview Assets.xcassets"; sourceTree = "<group>"; };
		ABF6B0E12CD32B760002AE09 /* BuyFreshGroceriesTests.xctest */ = {isa = PBXFileReference; explicitFileType = wrapper.cfbundle; includeInIndex = 0; path = BuyFreshGroceriesTests.xctest; sourceTree = BUILT_PRODUCTS_DIR; };
		ABF6B0E52CD32B760002AE09 /* BuyFreshGroceriesTests.swift */ = {isa = PBXFileReference; lastKnownFileType = sourcecode.swift; path = BuyFreshGroceriesTests.swift; sourceTree = "<group>"; };
		ABF6B0EB2CD32B760002AE09 /* BuyFreshGroceriesUITests.xctest */ = {isa = PBXFileReference; explicitFileType = wrapper.cfbundle; includeInIndex = 0; path = BuyFreshGroceriesUITests.xctest; sourceTree = BUILT_PRODUCTS_DIR; };
		ABF6B0EF2CD32B760002AE09 /* BuyFreshGroceriesUITests.swift */ = {isa = PBXFileReference; lastKnownFileType = sourcecode.swift; path = BuyFreshGroceriesUITests.swift; sourceTree = "<group>"; };
		ABF6B0F12CD32B760002AE09 /* BuyFreshGroceriesUITestsLaunchTests.swift */ = {isa = PBXFileReference; lastKnownFileType = sourcecode.swift; path = BuyFreshGroceriesUITestsLaunchTests.swift; sourceTree = "<group>"; };
		ABF6B0FF2CD32C140002AE09 /* ShopItem.swift */ = {isa = PBXFileReference; lastKnownFileType = sourcecode.swift; path = ShopItem.swift; sourceTree = "<group>"; };
		ABF6B1012CD32E4F0002AE09 /* CartView.swift */ = {isa = PBXFileReference; lastKnownFileType = sourcecode.swift; path = CartView.swift; sourceTree = "<group>"; };
/* End PBXFileReference section */

/* Begin PBXFrameworksBuildPhase section */
		ABF6B0CE2CD32B730002AE09 /* Frameworks */ = {
			isa = PBXFrameworksBuildPhase;
			buildActionMask = 2147483647;
			files = (
			);
			runOnlyForDeploymentPostprocessing = 0;
		};
		ABF6B0DE2CD32B760002AE09 /* Frameworks */ = {
			isa = PBXFrameworksBuildPhase;
			buildActionMask = 2147483647;
			files = (
			);
			runOnlyForDeploymentPostprocessing = 0;
		};
		ABF6B0E82CD32B760002AE09 /* Frameworks */ = {
			isa = PBXFrameworksBuildPhase;
			buildActionMask = 2147483647;
			files = (
			);
			runOnlyForDeploymentPostprocessing = 0;
		};
/* End PBXFrameworksBuildPhase section */

/* Begin PBXGroup section */
		ABF6B0C82CD32B730002AE09 = {
			isa = PBXGroup;
			children = (
				ABF6B0D32CD32B730002AE09 /* BuyFreshGroceries */,
				ABF6B0E42CD32B760002AE09 /* BuyFreshGroceriesTests */,
				ABF6B0EE2CD32B760002AE09 /* BuyFreshGroceriesUITests */,
				ABF6B0D22CD32B730002AE09 /* Products */,
			);
			sourceTree = "<group>";
		};
		ABF6B0D22CD32B730002AE09 /* Products */ = {
			isa = PBXGroup;
			children = (
				ABF6B0D12CD32B730002AE09 /* BuyFreshGroceries.app */,
				ABF6B0E12CD32B760002AE09 /* BuyFreshGroceriesTests.xctest */,
				ABF6B0EB2CD32B760002AE09 /* BuyFreshGroceriesUITests.xctest */,
			);
			name = Products;
			sourceTree = "<group>";
		};
		ABF6B0D32CD32B730002AE09 /* BuyFreshGroceries */ = {
			isa = PBXGroup;
			children = (
				ABF6B0FE2CD32BEE0002AE09 /* ShopModel */,
				ABF6B0D42CD32B730002AE09 /* BuyFreshGroceriesApp.swift */,
				ABF6B0D62CD32B730002AE09 /* ContentView.swift */,
				ABF6B1012CD32E4F0002AE09 /* CartView.swift */,
				ABF6B0D82CD32B750002AE09 /* Assets.xcassets */,
				ABF6B0DA2CD32B750002AE09 /* Preview Content */,
			);
			path = BuyFreshGroceries;
			sourceTree = "<group>";
		};
		ABF6B0DA2CD32B750002AE09 /* Preview Content */ = {
			isa = PBXGroup;
			children = (
				ABF6B0DB2CD32B750002AE09 /* Preview Assets.xcassets */,
			);
			path = "Preview Content";
			sourceTree = "<group>";
		};
		ABF6B0E42CD32B760002AE09 /* BuyFreshGroceriesTests */ = {
			isa = PBXGroup;
			children = (
				ABF6B0E52CD32B760002AE09 /* BuyFreshGroceriesTests.swift */,
			);
			path = BuyFreshGroceriesTests;
			sourceTree = "<group>";
		};
		ABF6B0EE2CD32B760002AE09 /* BuyFreshGroceriesUITests */ = {
			isa = PBXGroup;
			children = (
				ABF6B0EF2CD32B760002AE09 /* BuyFreshGroceriesUITests.swift */,
				ABF6B0F12CD32B760002AE09 /* BuyFreshGroceriesUITestsLaunchTests.swift */,
			);
			path = BuyFreshGroceriesUITests;
			sourceTree = "<group>";
		};
		ABF6B0FE2CD32BEE0002AE09 /* ShopModel */ = {
			isa = PBXGroup;
			children = (
				ABF6B0FF2CD32C140002AE09 /* ShopItem.swift */,
			);
			path = ShopModel;
			sourceTree = "<group>";
		};
/* End PBXGroup section */

/* Begin PBXNativeTarget section */
		ABF6B0D02CD32B730002AE09 /* BuyFreshGroceries */ = {
			isa = PBXNativeTarget;
			buildConfigurationList = ABF6B0F52CD32B760002AE09 /* Build configuration list for PBXNativeTarget "BuyFreshGroceries" */;
			buildPhases = (
				ABF6B0CD2CD32B730002AE09 /* Sources */,
				ABF6B0CE2CD32B730002AE09 /* Frameworks */,
				ABF6B0CF2CD32B730002AE09 /* Resources */,
			);
			buildRules = (
			);
			dependencies = (
			);
			name = BuyFreshGroceries;
			productName = BuyFreshGroceries;
			productReference = ABF6B0D12CD32B730002AE09 /* BuyFreshGroceries.app */;
			productType = "com.apple.product-type.application";
		};
		ABF6B0E02CD32B760002AE09 /* BuyFreshGroceriesTests */ = {
			isa = PBXNativeTarget;
			buildConfigurationList = ABF6B0F82CD32B760002AE09 /* Build configuration list for PBXNativeTarget "BuyFreshGroceriesTests" */;
			buildPhases = (
				ABF6B0DD2CD32B760002AE09 /* Sources */,
				ABF6B0DE2CD32B760002AE09 /* Frameworks */,
				ABF6B0DF2CD32B760002AE09 /* Resources */,
			);
			buildRules = (
			);
			dependencies = (
				ABF6B0E32CD32B760002AE09 /* PBXTargetDependency */,
			);
			name = BuyFreshGroceriesTests;
			productName = BuyFreshGroceriesTests;
			productReference = ABF6B0E12CD32B760002AE09 /* BuyFreshGroceriesTests.xctest */;
			productType = "com.apple.product-type.bundle.unit-test";
		};
		ABF6B0EA2CD32B760002AE09 /* BuyFreshGroceriesUITests */ = {
			isa = PBXNativeTarget;
			buildConfigurationList = ABF6B0FB2CD32B760002AE09 /* Build configuration list for PBXNativeTarget "BuyFreshGroceriesUITests" */;
			buildPhases = (
				ABF6B0E72CD32B760002AE09 /* Sources */,
				ABF6B0E82CD32B760002AE09 /* Frameworks */,
				ABF6B0E92CD32B760002AE09 /* Resources */,
			);
			buildRules = (
			);
			dependencies = (
				ABF6B0ED2CD32B760002AE09 /* PBXTargetDependency */,
			);
			name = BuyFreshGroceriesUITests;
			productName = BuyFreshGroceriesUITests;
			productReference = ABF6B0EB2CD32B760002AE09 /* BuyFreshGroceriesUITests.xctest */;
			productType = "com.apple.product-type.bundle.ui-testing";
		};
/* End PBXNativeTarget section */

/* Begin PBXProject section */
		ABF6B0C92CD32B730002AE09 /* Project object */ = {
			isa = PBXProject;
			attributes = {
				BuildIndependentTargetsInParallel = 1;
				LastSwiftUpdateCheck = 1540;
				LastUpgradeCheck = 1540;
				TargetAttributes = {
					ABF6B0D02CD32B730002AE09 = {
						CreatedOnToolsVersion = 15.4;
					};
					ABF6B0E02CD32B760002AE09 = {
						CreatedOnToolsVersion = 15.4;
						TestTargetID = ABF6B0D02CD32B730002AE09;
					};
					ABF6B0EA2CD32B760002AE09 = {
						CreatedOnToolsVersion = 15.4;
						TestTargetID = ABF6B0D02CD32B730002AE09;
					};
				};
			};
			buildConfigurationList = ABF6B0CC2CD32B730002AE09 /* Build configuration list for PBXProject "BuyFreshGroceries" */;
			compatibilityVersion = "Xcode 14.0";
			developmentRegion = en;
			hasScannedForEncodings = 0;
			knownRegions = (
				en,
				Base,
			);
			mainGroup = ABF6B0C82CD32B730002AE09;
			productRefGroup = ABF6B0D22CD32B730002AE09 /* Products */;
			projectDirPath = "";
			projectRoot = "";
			targets = (
				ABF6B0D02CD32B730002AE09 /* BuyFreshGroceries */,
				ABF6B0E02CD32B760002AE09 /* BuyFreshGroceriesTests */,
				ABF6B0EA2CD32B760002AE09 /* BuyFreshGroceriesUITests */,
			);
		};
/* End PBXProject section */

/* Begin PBXResourcesBuildPhase section */
		ABF6B0CF2CD32B730002AE09 /* Resources */ = {
			isa = PBXResourcesBuildPhase;
			buildActionMask = 2147483647;
			files = (
				ABF6B0DC2CD32B750002AE09 /* Preview Assets.xcassets in Resources */,
				ABF6B0D92CD32B750002AE09 /* Assets.xcassets in Resources */,
			);
			runOnlyForDeploymentPostprocessing = 0;
		};
		ABF6B0DF2CD32B760002AE09 /* Resources */ = {
			isa = PBXResourcesBuildPhase;
			buildActionMask = 2147483647;
			files = (
			);
			runOnlyForDeploymentPostprocessing = 0;
		};
		ABF6B0E92CD32B760002AE09 /* Resources */ = {
			isa = PBXResourcesBuildPhase;
			buildActionMask = 2147483647;
			files = (
			);
			runOnlyForDeploymentPostprocessing = 0;
		};
/* End PBXResourcesBuildPhase section */

/* Begin PBXSourcesBuildPhase section */
		ABF6B0CD2CD32B730002AE09 /* Sources */ = {
			isa = PBXSourcesBuildPhase;
			buildActionMask = 2147483647;
			files = (
				ABF6B0D72CD32B730002AE09 /* ContentView.swift in Sources */,
				ABF6B0D52CD32B730002AE09 /* BuyFreshGroceriesApp.swift in Sources */,
				ABF6B1022CD32E4F0002AE09 /* CartView.swift in Sources */,
				ABF6B1002CD32C140002AE09 /* ShopItem.swift in Sources */,
			);
			runOnlyForDeploymentPostprocessing = 0;
		};
		ABF6B0DD2CD32B760002AE09 /* Sources */ = {
			isa = PBXSourcesBuildPhase;
			buildActionMask = 2147483647;
			files = (
				ABF6B0E62CD32B760002AE09 /* BuyFreshGroceriesTests.swift in Sources */,
			);
			runOnlyForDeploymentPostprocessing = 0;
		};
		ABF6B0E72CD32B760002AE09 /* Sources */ = {
			isa = PBXSourcesBuildPhase;
			buildActionMask = 2147483647;
			files = (
				ABF6B0F22CD32B760002AE09 /* BuyFreshGroceriesUITestsLaunchTests.swift in Sources */,
				ABF6B0F02CD32B760002AE09 /* BuyFreshGroceriesUITests.swift in Sources */,
			);
			runOnlyForDeploymentPostprocessing = 0;
		};
/* End PBXSourcesBuildPhase section */

/* Begin PBXTargetDependency section */
		ABF6B0E32CD32B760002AE09 /* PBXTargetDependency */ = {
			isa = PBXTargetDependency;
			target = ABF6B0D02CD32B730002AE09 /* BuyFreshGroceries */;
			targetProxy = ABF6B0E22CD32B760002AE09 /* PBXContainerItemProxy */;
		};
		ABF6B0ED2CD32B760002AE09 /* PBXTargetDependency */ = {
			isa = PBXTargetDependency;
			target = ABF6B0D02CD32B730002AE09 /* BuyFreshGroceries */;
			targetProxy = ABF6B0EC2CD32B760002AE09 /* PBXContainerItemProxy */;
		};
/* End PBXTargetDependency section */

/* Begin XCBuildConfiguration section */
		ABF6B0F32CD32B760002AE09 /* Debug */ = {
			isa = XCBuildConfiguration;
			buildSettings = {
				ALWAYS_SEARCH_USER_PATHS = NO;
				ASSETCATALOG_COMPILER_GENERATE_SWIFT_ASSET_SYMBOL_EXTENSIONS = YES;
				CLANG_ANALYZER_NONNULL = YES;
				CLANG_ANALYZER_NUMBER_OBJECT_CONVERSION = YES_AGGRESSIVE;
				CLANG_CXX_LANGUAGE_STANDARD = "gnu++20";
				CLANG_ENABLE_MODULES = YES;
				CLANG_ENABLE_OBJC_ARC = YES;
				CLANG_ENABLE_OBJC_WEAK = YES;
				CLANG_WARN_BLOCK_CAPTURE_AUTORELEASING = YES;
				CLANG_WARN_BOOL_CONVERSION = YES;
				CLANG_WARN_COMMA = YES;
				CLANG_WARN_CONSTANT_CONVERSION = YES;
				CLANG_WARN_DEPRECATED_OBJC_IMPLEMENTATIONS = YES;
				CLANG_WARN_DIRECT_OBJC_ISA_USAGE = YES_ERROR;
				CLANG_WARN_DOCUMENTATION_COMMENTS = YES;
				CLANG_WARN_EMPTY_BODY = YES;
				CLANG_WARN_ENUM_CONVERSION = YES;
				CLANG_WARN_INFINITE_RECURSION = YES;
				CLANG_WARN_INT_CONVERSION = YES;
				CLANG_WARN_NON_LITERAL_NULL_CONVERSION = YES;
				CLANG_WARN_OBJC_IMPLICIT_RETAIN_SELF = YES;
				CLANG_WARN_OBJC_LITERAL_CONVERSION = YES;
				CLANG_WARN_OBJC_ROOT_CLASS = YES_ERROR;
				CLANG_WARN_QUOTED_INCLUDE_IN_FRAMEWORK_HEADER = YES;
				CLANG_WARN_RANGE_LOOP_ANALYSIS = YES;
				CLANG_WARN_STRICT_PROTOTYPES = YES;
				CLANG_WARN_SUSPICIOUS_MOVE = YES;
				CLANG_WARN_UNGUARDED_AVAILABILITY = YES_AGGRESSIVE;
				CLANG_WARN_UNREACHABLE_CODE = YES;
				CLANG_WARN__DUPLICATE_METHOD_MATCH = YES;
				COPY_PHASE_STRIP = NO;
				DEBUG_INFORMATION_FORMAT = dwarf;
				ENABLE_STRICT_OBJC_MSGSEND = YES;
				ENABLE_TESTABILITY = YES;
				ENABLE_USER_SCRIPT_SANDBOXING = YES;
				GCC_C_LANGUAGE_STANDARD = gnu17;
				GCC_DYNAMIC_NO_PIC = NO;
				GCC_NO_COMMON_BLOCKS = YES;
				GCC_OPTIMIZATION_LEVEL = 0;
				GCC_PREPROCESSOR_DEFINITIONS = (
					"DEBUG=1",
					"$(inherited)",
				);
				GCC_WARN_64_TO_32_BIT_CONVERSION = YES;
				GCC_WARN_ABOUT_RETURN_TYPE = YES_ERROR;
				GCC_WARN_UNDECLARED_SELECTOR = YES;
				GCC_WARN_UNINITIALIZED_AUTOS = YES_AGGRESSIVE;
				GCC_WARN_UNUSED_FUNCTION = YES;
				GCC_WARN_UNUSED_VARIABLE = YES;
				IPHONEOS_DEPLOYMENT_TARGET = 17.5;
				LOCALIZATION_PREFERS_STRING_CATALOGS = YES;
				MTL_ENABLE_DEBUG_INFO = INCLUDE_SOURCE;
				MTL_FAST_MATH = YES;
				ONLY_ACTIVE_ARCH = YES;
				SDKROOT = iphoneos;
				SWIFT_ACTIVE_COMPILATION_CONDITIONS = "DEBUG $(inherited)";
				SWIFT_OPTIMIZATION_LEVEL = "-Onone";
			};
			name = Debug;
		};
		ABF6B0F42CD32B760002AE09 /* Release */ = {
			isa = XCBuildConfiguration;
			buildSettings = {
				ALWAYS_SEARCH_USER_PATHS = NO;
				ASSETCATALOG_COMPILER_GENERATE_SWIFT_ASSET_SYMBOL_EXTENSIONS = YES;
				CLANG_ANALYZER_NONNULL = YES;
				CLANG_ANALYZER_NUMBER_OBJECT_CONVERSION = YES_AGGRESSIVE;
				CLANG_CXX_LANGUAGE_STANDARD = "gnu++20";
				CLANG_ENABLE_MODULES = YES;
				CLANG_ENABLE_OBJC_ARC = YES;
				CLANG_ENABLE_OBJC_WEAK = YES;
				CLANG_WARN_BLOCK_CAPTURE_AUTORELEASING = YES;
				CLANG_WARN_BOOL_CONVERSION = YES;
				CLANG_WARN_COMMA = YES;
				CLANG_WARN_CONSTANT_CONVERSION = YES;
				CLANG_WARN_DEPRECATED_OBJC_IMPLEMENTATIONS = YES;
				CLANG_WARN_DIRECT_OBJC_ISA_USAGE = YES_ERROR;
				CLANG_WARN_DOCUMENTATION_COMMENTS = YES;
				CLANG_WARN_EMPTY_BODY = YES;
				CLANG_WARN_ENUM_CONVERSION = YES;
				CLANG_WARN_INFINITE_RECURSION = YES;
				CLANG_WARN_INT_CONVERSION = YES;
				CLANG_WARN_NON_LITERAL_NULL_CONVERSION = YES;
				CLANG_WARN_OBJC_IMPLICIT_RETAIN_SELF = YES;
				CLANG_WARN_OBJC_LITERAL_CONVERSION = YES;
				CLANG_WARN_OBJC_ROOT_CLASS = YES_ERROR;
				CLANG_WARN_QUOTED_INCLUDE_IN_FRAMEWORK_HEADER = YES;
				CLANG_WARN_RANGE_LOOP_ANALYSIS = YES;
				CLANG_WARN_STRICT_PROTOTYPES = YES;
				CLANG_WARN_SUSPICIOUS_MOVE = YES;
				CLANG_WARN_UNGUARDED_AVAILABILITY = YES_AGGRESSIVE;
				CLANG_WARN_UNREACHABLE_CODE = YES;
				CLANG_WARN__DUPLICATE_METHOD_MATCH = YES;
				COPY_PHASE_STRIP = NO;
				DEBUG_INFORMATION_FORMAT = "dwarf-with-dsym";
				ENABLE_NS_ASSERTIONS = NO;
				ENABLE_STRICT_OBJC_MSGSEND = YES;
				ENABLE_USER_SCRIPT_SANDBOXING = YES;
				GCC_C_LANGUAGE_STANDARD = gnu17;
				GCC_NO_COMMON_BLOCKS = YES;
				GCC_WARN_64_TO_32_BIT_CONVERSION = YES;
				GCC_WARN_ABOUT_RETURN_TYPE = YES_ERROR;
				GCC_WARN_UNDECLARED_SELECTOR = YES;
				GCC_WARN_UNINITIALIZED_AUTOS = YES_AGGRESSIVE;
				GCC_WARN_UNUSED_FUNCTION = YES;
				GCC_WARN_UNUSED_VARIABLE = YES;
				IPHONEOS_DEPLOYMENT_TARGET = 17.5;
				LOCALIZATION_PREFERS_STRING_CATALOGS = YES;
				MTL_ENABLE_DEBUG_INFO = NO;
				MTL_FAST_MATH = YES;
				SDKROOT = iphoneos;
				SWIFT_COMPILATION_MODE = wholemodule;
				VALIDATE_PRODUCT = YES;
			};
			name = Release;
		};
		ABF6B0F62CD32B760002AE09 /* Debug */ = {
			isa = XCBuildConfiguration;
			buildSettings = {
				ASSETCATALOG_COMPILER_APPICON_NAME = AppIcon;
				ASSETCATALOG_COMPILER_GLOBAL_ACCENT_COLOR_NAME = AccentColor;
				CODE_SIGN_STYLE = Automatic;
				CURRENT_PROJECT_VERSION = 1;
				DEVELOPMENT_ASSET_PATHS = "\"BuyFreshGroceries/Preview Content\"";
				ENABLE_PREVIEWS = YES;
				GENERATE_INFOPLIST_FILE = YES;
				INFOPLIST_KEY_UIApplicationSceneManifest_Generation = YES;
				INFOPLIST_KEY_UIApplicationSupportsIndirectInputEvents = YES;
				INFOPLIST_KEY_UILaunchScreen_Generation = YES;
				INFOPLIST_KEY_UISupportedInterfaceOrientations_iPad = "UIInterfaceOrientationPortrait UIInterfaceOrientationPortraitUpsideDown UIInterfaceOrientationLandscapeLeft UIInterfaceOrientationLandscapeRight";
				INFOPLIST_KEY_UISupportedInterfaceOrientations_iPhone = "UIInterfaceOrientationPortrait UIInterfaceOrientationLandscapeLeft UIInterfaceOrientationLandscapeRight";
				LD_RUNPATH_SEARCH_PATHS = (
					"$(inherited)",
					"@executable_path/Frameworks",
				);
				MARKETING_VERSION = 1.0;
				PRODUCT_BUNDLE_IDENTIFIER = denidug.BuyFreshGroceries;
				PRODUCT_NAME = "$(TARGET_NAME)";
				SWIFT_EMIT_LOC_STRINGS = YES;
				SWIFT_VERSION = 5.0;
				TARGETED_DEVICE_FAMILY = "1,2";
			};
			name = Debug;
		};
		ABF6B0F72CD32B760002AE09 /* Release */ = {
			isa = XCBuildConfiguration;
			buildSettings = {
				ASSETCATALOG_COMPILER_APPICON_NAME = AppIcon;
				ASSETCATALOG_COMPILER_GLOBAL_ACCENT_COLOR_NAME = AccentColor;
				CODE_SIGN_STYLE = Automatic;
				CURRENT_PROJECT_VERSION = 1;
				DEVELOPMENT_ASSET_PATHS = "\"BuyFreshGroceries/Preview Content\"";
				ENABLE_PREVIEWS = YES;
				GENERATE_INFOPLIST_FILE = YES;
				INFOPLIST_KEY_UIApplicationSceneManifest_Generation = YES;
				INFOPLIST_KEY_UIApplicationSupportsIndirectInputEvents = YES;
				INFOPLIST_KEY_UILaunchScreen_Generation = YES;
				INFOPLIST_KEY_UISupportedInterfaceOrientations_iPad = "UIInterfaceOrientationPortrait UIInterfaceOrientationPortraitUpsideDown UIInterfaceOrientationLandscapeLeft UIInterfaceOrientationLandscapeRight";
				INFOPLIST_KEY_UISupportedInterfaceOrientations_iPhone = "UIInterfaceOrientationPortrait UIInterfaceOrientationLandscapeLeft UIInterfaceOrientationLandscapeRight";
				LD_RUNPATH_SEARCH_PATHS = (
					"$(inherited)",
					"@executable_path/Frameworks",
				);
				MARKETING_VERSION = 1.0;
				PRODUCT_BUNDLE_IDENTIFIER = denidug.BuyFreshGroceries;
				PRODUCT_NAME = "$(TARGET_NAME)";
				SWIFT_EMIT_LOC_STRINGS = YES;
				SWIFT_VERSION = 5.0;
				TARGETED_DEVICE_FAMILY = "1,2";
			};
			name = Release;
		};
		ABF6B0F92CD32B760002AE09 /* Debug */ = {
			isa = XCBuildConfiguration;
			buildSettings = {
				ALWAYS_EMBED_SWIFT_STANDARD_LIBRARIES = YES;
				BUNDLE_LOADER = "$(TEST_HOST)";
				CODE_SIGN_STYLE = Automatic;
				CURRENT_PROJECT_VERSION = 1;
				GENERATE_INFOPLIST_FILE = YES;
				IPHONEOS_DEPLOYMENT_TARGET = 17.5;
				MARKETING_VERSION = 1.0;
				PRODUCT_BUNDLE_IDENTIFIER = denidug.BuyFreshGroceriesTests;
				PRODUCT_NAME = "$(TARGET_NAME)";
				SWIFT_EMIT_LOC_STRINGS = NO;
				SWIFT_VERSION = 5.0;
				TARGETED_DEVICE_FAMILY = "1,2";
				TEST_HOST = "$(BUILT_PRODUCTS_DIR)/BuyFreshGroceries.app/$(BUNDLE_EXECUTABLE_FOLDER_PATH)/BuyFreshGroceries";
			};
			name = Debug;
		};
		ABF6B0FA2CD32B760002AE09 /* Release */ = {
			isa = XCBuildConfiguration;
			buildSettings = {
				ALWAYS_EMBED_SWIFT_STANDARD_LIBRARIES = YES;
				BUNDLE_LOADER = "$(TEST_HOST)";
				CODE_SIGN_STYLE = Automatic;
				CURRENT_PROJECT_VERSION = 1;
				GENERATE_INFOPLIST_FILE = YES;
				IPHONEOS_DEPLOYMENT_TARGET = 17.5;
				MARKETING_VERSION = 1.0;
				PRODUCT_BUNDLE_IDENTIFIER = denidug.BuyFreshGroceriesTests;
				PRODUCT_NAME = "$(TARGET_NAME)";
				SWIFT_EMIT_LOC_STRINGS = NO;
				SWIFT_VERSION = 5.0;
				TARGETED_DEVICE_FAMILY = "1,2";
				TEST_HOST = "$(BUILT_PRODUCTS_DIR)/BuyFreshGroceries.app/$(BUNDLE_EXECUTABLE_FOLDER_PATH)/BuyFreshGroceries";
			};
			name = Release;
		};
		ABF6B0FC2CD32B760002AE09 /* Debug */ = {
			isa = XCBuildConfiguration;
			buildSettings = {
				ALWAYS_EMBED_SWIFT_STANDARD_LIBRARIES = YES;
				CODE_SIGN_STYLE = Automatic;
				CURRENT_PROJECT_VERSION = 1;
				GENERATE_INFOPLIST_FILE = YES;
				MARKETING_VERSION = 1.0;
				PRODUCT_BUNDLE_IDENTIFIER = denidug.BuyFreshGroceriesUITests;
				PRODUCT_NAME = "$(TARGET_NAME)";
				SWIFT_EMIT_LOC_STRINGS = NO;
				SWIFT_VERSION = 5.0;
				TARGETED_DEVICE_FAMILY = "1,2";
				TEST_TARGET_NAME = BuyFreshGroceries;
			};
			name = Debug;
		};
		ABF6B0FD2CD32B760002AE09 /* Release */ = {
			isa = XCBuildConfiguration;
			buildSettings = {
				ALWAYS_EMBED_SWIFT_STANDARD_LIBRARIES = YES;
				CODE_SIGN_STYLE = Automatic;
				CURRENT_PROJECT_VERSION = 1;
				GENERATE_INFOPLIST_FILE = YES;
				MARKETING_VERSION = 1.0;
				PRODUCT_BUNDLE_IDENTIFIER = denidug.BuyFreshGroceriesUITests;
				PRODUCT_NAME = "$(TARGET_NAME)";
				SWIFT_EMIT_LOC_STRINGS = NO;
				SWIFT_VERSION = 5.0;
				TARGETED_DEVICE_FAMILY = "1,2";
				TEST_TARGET_NAME = BuyFreshGroceries;
			};
			name = Release;
		};
/* End XCBuildConfiguration section */

/* Begin XCConfigurationList section */
		ABF6B0CC2CD32B730002AE09 /* Build configuration list for PBXProject "BuyFreshGroceries" */ = {
			isa = XCConfigurationList;
			buildConfigurations = (
				ABF6B0F32CD32B760002AE09 /* Debug */,
				ABF6B0F42CD32B760002AE09 /* Release */,
			);
			defaultConfigurationIsVisible = 0;
			defaultConfigurationName = Release;
		};
		ABF6B0F52CD32B760002AE09 /* Build configuration list for PBXNativeTarget "BuyFreshGroceries" */ = {
			isa = XCConfigurationList;
			buildConfigurations = (
				ABF6B0F62CD32B760002AE09 /* Debug */,
				ABF6B0F72CD32B760002AE09 /* Release */,
			);
			defaultConfigurationIsVisible = 0;
			defaultConfigurationName = Release;
		};
		ABF6B0F82CD32B760002AE09 /* Build configuration list for PBXNativeTarget "BuyFreshGroceriesTests" */ = {
			isa = XCConfigurationList;
			buildConfigurations = (
				ABF6B0F92CD32B760002AE09 /* Debug */,
				ABF6B0FA2CD32B760002AE09 /* Release */,
			);
			defaultConfigurationIsVisible = 0;
			defaultConfigurationName = Release;
		};
		ABF6B0FB2CD32B760002AE09 /* Build configuration list for PBXNativeTarget "BuyFreshGroceriesUITests" */ = {
			isa = XCConfigurationList;
			buildConfigurations = (
				ABF6B0FC2CD32B760002AE09 /* Debug */,
				ABF6B0FD2CD32B760002AE09 /* Release */,
			);
			defaultConfigurationIsVisible = 0;
			defaultConfigurationName = Release;
		};
/* End XCConfigurationList section */
	};
	rootObject = ABF6B0C92CD32B730002AE09 /* Project object */;
}
